
Microsoft Visual Studio Solution File, Format Version 11.00
# Visual Studio 2010
Project("{FAE04EC0-301F-11D3-BF4B-00C04F79EFBC}") = "Tristram.Lobby", "Tristram.Lobby\Tristram.Lobby.csproj", "{EF33AD62-1954-4CF3-BB09-97B088B0CCCB}"
EndProject
Project("{FAE04EC0-301F-11D3-BF4B-00C04F79EFBC}") = "Tristram.Shared", "Tristram.Shared\Tristram.Shared.csproj", "{27156851-E37E-4E5D-8117-8A6804EC3455}"
EndProject
Global
	GlobalSection(SolutionConfigurationPlatforms) = preSolution
		Debug|Any CPU = Debug|Any CPU
		Debug|Mixed Platforms = Debug|Mixed Platforms
		Debug|x86 = Debug|x86
		Release|Any CPU = Release|Any CPU
		Release|Mixed Platforms = Release|Mixed Platforms
		Release|x86 = Release|x86
	EndGlobalSection
	GlobalSection(ProjectConfigurationPlatforms) = postSolution
		{EF33AD62-1954-4CF3-BB09-97B088B0CCCB}.Debug|Any CPU.ActiveCfg = Debug|x86
		{EF33AD62-1954-4CF3-BB09-97B088B0CCCB}.Debug|Mixed Platforms.ActiveCfg = Debug|x86
		{EF33AD62-1954-4CF3-BB09-97B088B0CCCB}.Debug|Mixed Platforms.Build.0 = Debug|x86
		{EF33AD62-1954-4CF3-BB09-97B088B0CCCB}.Debug|x86.ActiveCfg = Debug|x86
		{EF33AD62-1954-4CF3-BB09-97B088B0CCCB}.Debug|x86.Build.0 = Debug|x86
		{EF33AD62-1954-4CF3-BB09-97B088B0CCCB}.Release|Any CPU.ActiveCfg = Release|x86
		{EF33AD62-1954-4CF3-BB09-97B088B0CCCB}.Release|Mixed Platforms.ActiveCfg = Release|x86
		{EF33AD62-1954-4CF3-BB09-97B088B0CCCB}.Release|Mixed Platforms.Build.0 = Release|x86
		{EF33AD62-1954-4CF3-BB09-97B088B0CCCB}.Release|x86.ActiveCfg = Release|x86
		{EF33AD62-1954-4CF3-BB09-97B088B0CCCB}.Release|x86.Build.0 = Release|x86
		{27156851-E37E-4E5D-8117-8A6804EC3455}.Debug|Any CPU.ActiveCfg = Debug|Any CPU
		{27156851-E37E-4E5D-8117-8A6804EC3455}.Debug|Any CPU.Build.0 = Debug|Any CPU
		{27156851-E37E-4E5D-8117-8A6804EC3455}.Debug|Mixed Platforms.ActiveCfg = Debug|Any CPU
		{27156851-E37E-4E5D-8117-8A6804EC3455}.Debug|Mixed Platforms.Build.0 = Debug|Any CPU
		{27156851-E37E-4E5D-8117-8A6804EC3455}.Debug|x86.ActiveCfg = Debug|Any CPU
		{27156851-E37E-4E5D-8117-8A6804EC3455}.Release|Any CPU.ActiveCfg = Release|Any CPU
		{27156851-E37E-4E5D-8117-8A6804EC3455}.Release|Any CPU.Build.0 = Release|Any CPU
		{27156851-E37E-4E5D-8117-8A6804EC3455}.Release|Mixed Platforms.ActiveCfg = Release|Any CPU
		{27156851-E37E-4E5D-8117-8A6804EC3455}.Release|Mixed Platforms.Build.0 = Release|Any CPU
		{27156851-E37E-4E5D-8117-8A6804EC3455}.Release|x86.ActiveCfg = Release|Any CPU
	EndGlobalSection
	GlobalSection(SolutionProperties) = preSolution
		HideSolutionNode = FALSE
	EndGlobalSection
EndGlobal
